<?xml version="1.0" encoding="utf-8"?>
<Project ToolsVersion="4.0" xmlns="http://schemas.microsoft.com/developer/msbuild/2003">
  <ItemGroup>
    <Filter Include="Source Files">
      <UniqueIdentifier>{4FC737F1-C7A5-4376-A066-2A32D752A2FF}</UniqueIdentifier>
      <Extensions>cpp;c;cc;cxx;c++;cppm;ixx;def;odl;idl;hpj;bat;asm;asmx</Extensions>
    </Filter>
    <Filter Include="Header Files">
      <UniqueIdentifier>{93995380-89BD-4b04-88EB-625FBE52EBFB}</UniqueIdentifier>
      <Extensions>h;hh;hpp;hxx;h++;hm;inl;inc;ipp;xsd</Extensions>
    </Filter>
    <Filter Include="Resource Files">
      <UniqueIdentifier>{67DA6AB6-F800-4c08-8B7A-83BB121AAD01}</UniqueIdentifier>
      <Extensions>rc;ico;cur;bmp;dlg;rc2;rct;bin;rgs;gif;jpg;jpeg;jpe;resx;tiff;tif;png;wav;mfcribbon-ms</Extensions>
    </Filter>
    <Filter Include="3rdparty">
      <UniqueIdentifier>{96bcb7ae-3c3d-456f-a0ce-7fd1406239d1}</UniqueIdentifier>
    </Filter>
    <Filter Include="3rdparty\lodepng">
      <UniqueIdentifier>{c79a6fab-7117-45d7-b41d-b0b7b587b9b8}</UniqueIdentifier>
    </Filter>
    <Filter Include="3rdparty\simple-dds-image-reader">
      <UniqueIdentifier>{3e39e52b-7ac1-4683-ba10-8c88814bc952}</UniqueIdentifier>
    </Filter>
  </ItemGroup>
  <ItemGroup>
    <ClCompile Include="main.cpp">
      <Filter>Source Files</Filter>
    </ClCompile>
    <ClCompile Include="..\lodepng\lodepng.cpp">
      <Filter>3rdparty\lodepng</Filter>
    </ClCompile>
    <ClCompile Include="..\simple-dds-image-reader\ddsreader.cpp">
      <Filter>3rdparty\simple-dds-image-reader</Filter>
    </ClCompile>
    <ClCompile Include="convert.cpp">
      <Filter>Source Files</Filter>
    </ClCompile>
    <ClCompile Include="anim.cpp">
      <Filter>Source Files</Filter>
    </ClCompile>
    <ClCompile Include="image_predefs.cpp">
      <Filter>Source Files</Filter>
    </ClCompile>
  </ItemGroup>
  <ItemGroup>
    <ClInclude Include="..\lodepng\lodepng.h">
      <Filter>3rdparty\lodepng</Filter>
    </ClInclude>
    <ClInclude Include="..\simple-dds-image-reader\ddsreader.hpp">
      <Filter>3rdparty\simple-dds-image-reader</Filter>
    </ClInclude>
    <ClInclude Include="convert.h">
      <Filter>Header Files</Filter>
    </ClInclude>
    <ClInclude Include="anim.h">
      <Filter>Header Files</Filter>
    </ClInclude>
    <ClInclude Include="image_predefs.h">
      <Filter>Header Files</Filter>
    </ClInclude>
  </ItemGroup>
</Project>